
Microsoft Visual Studio Solution File, Format Version 12.00
# Visual Studio 14
VisualStudioVersion = 14.0.25420.1
MinimumVisualStudioVersion = 10.0.40219.1
Project("{FAE04EC0-301F-11D3-BF4B-00C04F79EFBC}") = "MvcTesting", "MvcTesting\MvcTesting.csproj", "{D978D4CE-502D-4328-BBCC-696C7F1465E8}"
EndProject
Project("{2150E333-8FDC-42A3-9474-1A3956D46DE8}") = "Items", "Items", "{4F4EE83C-D1CE-4D14-8A64-32E58FDC7363}"
	ProjectSection(SolutionItems) = preProject
		.gitignore = .gitignore
		CommandPrompt.bat = CommandPrompt.bat
		LICENSE.txt = LICENSE.txt
		MvcTesting.proj = MvcTesting.proj
		readme.txt = readme.txt
		RunNUnit.bat = RunNUnit.bat
	EndProjectSection
EndProject
Project("{FAE04EC0-301F-11D3-BF4B-00C04F79EFBC}") = "MvcTesting.Tests", "MvcTesting.Tests\MvcTesting.Tests.csproj", "{88B9412E-42A0-4FFD-AA41-6F0CAA93B318}"
EndProject
Project("{FAE04EC0-301F-11D3-BF4B-00C04F79EFBC}") = "MvcTesting.StubApp", "MvcTesting.StubApp\MvcTesting.StubApp.csproj", "{D91303D4-4F9C-49B8-B4A3-33BA2502AA8F}"
EndProject
Project("{2150E333-8FDC-42A3-9474-1A3956D46DE8}") = "Build", "Build", "{1E7B2F2E-5C04-41F9-B3BE-B72D2DEE32C4}"
	ProjectSection(SolutionItems) = preProject
		Build\Common.targets = Build\Common.targets
		Build\MvcTesting.nunit = Build\MvcTesting.nunit
		MvcTesting.proj = MvcTesting.proj
		Build\VerifyCoverage.js = Build\VerifyCoverage.js
	EndProjectSection
EndProject
Global
	GlobalSection(SolutionConfigurationPlatforms) = preSolution
		Debug|Any CPU = Debug|Any CPU
		Release|Any CPU = Release|Any CPU
	EndGlobalSection
	GlobalSection(ProjectConfigurationPlatforms) = postSolution
		{D978D4CE-502D-4328-BBCC-696C7F1465E8}.Debug|Any CPU.ActiveCfg = Debug|Any CPU
		{D978D4CE-502D-4328-BBCC-696C7F1465E8}.Debug|Any CPU.Build.0 = Debug|Any CPU
		{D978D4CE-502D-4328-BBCC-696C7F1465E8}.Release|Any CPU.ActiveCfg = Release|Any CPU
		{D978D4CE-502D-4328-BBCC-696C7F1465E8}.Release|Any CPU.Build.0 = Release|Any CPU
		{88B9412E-42A0-4FFD-AA41-6F0CAA93B318}.Debug|Any CPU.ActiveCfg = Debug|Any CPU
		{88B9412E-42A0-4FFD-AA41-6F0CAA93B318}.Debug|Any CPU.Build.0 = Debug|Any CPU
		{88B9412E-42A0-4FFD-AA41-6F0CAA93B318}.Release|Any CPU.ActiveCfg = Release|Any CPU
		{88B9412E-42A0-4FFD-AA41-6F0CAA93B318}.Release|Any CPU.Build.0 = Release|Any CPU
		{D91303D4-4F9C-49B8-B4A3-33BA2502AA8F}.Debug|Any CPU.ActiveCfg = Debug|Any CPU
		{D91303D4-4F9C-49B8-B4A3-33BA2502AA8F}.Debug|Any CPU.Build.0 = Debug|Any CPU
		{D91303D4-4F9C-49B8-B4A3-33BA2502AA8F}.Release|Any CPU.ActiveCfg = Release|Any CPU
		{D91303D4-4F9C-49B8-B4A3-33BA2502AA8F}.Release|Any CPU.Build.0 = Release|Any CPU
	EndGlobalSection
	GlobalSection(SolutionProperties) = preSolution
		HideSolutionNode = FALSE
	EndGlobalSection
EndGlobal
